
Microsoft Visual Studio Solution File, Format Version 12.00
# Visual Studio 2013
VisualStudioVersion = 12.0.40629.0
MinimumVisualStudioVersion = 10.0.40219.1
Project("{00D1A9C2-B5F0-4AF3-8072-F6C62B433612}") = "PowerSQLScripts", "PowerSQLScripts\PowerSQLScripts.sqlproj", "{B1CEE679-7C22-490C-B4AD-7EA019B86898}"
EndProject
Project("{2150E333-8FDC-42A3-9474-1A3956D46DE8}") = "Solution Items", "Solution Items", "{B912E8B0-B11A-49E2-89A6-1918EF91ADD5}"
EndProject
Project("{2150E333-8FDC-42A3-9474-1A3956D46DE8}") = "PowerDevOpsScripts", "PowerDevOpsScripts", "{A1E7F687-C28F-4B9E-A8C5-990EED3E95BB}"
EndProject
Project("{2150E333-8FDC-42A3-9474-1A3956D46DE8}") = "Windows", "Windows", "{7E26A970-21A5-489C-BC1F-09CD8DCC7AA9}"
	ProjectSection(SolutionItems) = preProject
		Convert_Encoding.txt = Convert_Encoding.txt
		GenerateSQLDump.bat.txt = GenerateSQLDump.bat.txt
		IpSec.txt = IpSec.txt
	EndProjectSection
EndProject
Project("{2150E333-8FDC-42A3-9474-1A3956D46DE8}") = "Network", "Network", "{CA57307A-7D58-48BB-824D-9052B1AF5996}"
	ProjectSection(SolutionItems) = preProject
		Ip Subnet Notes.txt = Ip Subnet Notes.txt
	EndProjectSection
EndProject
Project("{2150E333-8FDC-42A3-9474-1A3956D46DE8}") = "Cluster", "Cluster", "{E62A2267-CDA6-42D3-B452-B48DBC6C51FA}"
	ProjectSection(SolutionItems) = preProject
		SQL Cluster.txt = SQL Cluster.txt
	EndProjectSection
EndProject
Project("{2150E333-8FDC-42A3-9474-1A3956D46DE8}") = "Schedule", "Schedule", "{6C49E4E0-77DC-4111-A14C-B416C49989D9}"
	ProjectSection(SolutionItems) = preProject
		Schedule_Solution.txt = Schedule_Solution.txt
	EndProjectSection
EndProject
Project("{2150E333-8FDC-42A3-9474-1A3956D46DE8}") = "Linux", "Linux", "{F57D662A-4739-41F7-B2D9-A075CA994B2A}"
	ProjectSection(SolutionItems) = preProject
		nginx.txt = nginx.txt
		Process_service.txt = Process_service.txt
	EndProjectSection
EndProject
Project("{2150E333-8FDC-42A3-9474-1A3956D46DE8}") = "Vbscript_WSH", "Vbscript_WSH", "{814A477D-8634-45E7-B5E2-3F2B4FFC6935}"
	ProjectSection(SolutionItems) = preProject
		Comments.vbs.txt = Comments.vbs.txt
		EventLog.vbs.txt = EventLog.vbs.txt
	EndProjectSection
EndProject
Global
	GlobalSection(SolutionConfigurationPlatforms) = preSolution
		Debug|Any CPU = Debug|Any CPU
		Release|Any CPU = Release|Any CPU
	EndGlobalSection
	GlobalSection(ProjectConfigurationPlatforms) = postSolution
		{B1CEE679-7C22-490C-B4AD-7EA019B86898}.Debug|Any CPU.ActiveCfg = Debug|Any CPU
		{B1CEE679-7C22-490C-B4AD-7EA019B86898}.Debug|Any CPU.Build.0 = Debug|Any CPU
		{B1CEE679-7C22-490C-B4AD-7EA019B86898}.Debug|Any CPU.Deploy.0 = Debug|Any CPU
		{B1CEE679-7C22-490C-B4AD-7EA019B86898}.Release|Any CPU.ActiveCfg = Release|Any CPU
		{B1CEE679-7C22-490C-B4AD-7EA019B86898}.Release|Any CPU.Build.0 = Release|Any CPU
		{B1CEE679-7C22-490C-B4AD-7EA019B86898}.Release|Any CPU.Deploy.0 = Release|Any CPU
	EndGlobalSection
	GlobalSection(SolutionProperties) = preSolution
		HideSolutionNode = FALSE
	EndGlobalSection
	GlobalSection(NestedProjects) = preSolution
		{A1E7F687-C28F-4B9E-A8C5-990EED3E95BB} = {B912E8B0-B11A-49E2-89A6-1918EF91ADD5}
		{7E26A970-21A5-489C-BC1F-09CD8DCC7AA9} = {A1E7F687-C28F-4B9E-A8C5-990EED3E95BB}
		{CA57307A-7D58-48BB-824D-9052B1AF5996} = {A1E7F687-C28F-4B9E-A8C5-990EED3E95BB}
		{E62A2267-CDA6-42D3-B452-B48DBC6C51FA} = {7E26A970-21A5-489C-BC1F-09CD8DCC7AA9}
		{6C49E4E0-77DC-4111-A14C-B416C49989D9} = {7E26A970-21A5-489C-BC1F-09CD8DCC7AA9}
		{F57D662A-4739-41F7-B2D9-A075CA994B2A} = {A1E7F687-C28F-4B9E-A8C5-990EED3E95BB}
		{814A477D-8634-45E7-B5E2-3F2B4FFC6935} = {A1E7F687-C28F-4B9E-A8C5-990EED3E95BB}
	EndGlobalSection
EndGlobal
